
Microsoft Visual Studio Solution File, Format Version 12.00
# Visual Studio Version 16
VisualStudioVersion = 16.0.30330.147
MinimumVisualStudioVersion = 10.0.40219.1
Project("{2150E333-8FDC-42A3-9474-1A3956D46DE8}") = "Solution Items", "Solution Items", "{ACAFE1CA-CE6B-48B1-AD9B-D8EA7938DCF8}"
	ProjectSection(SolutionItems) = preProject
		.editorconfig = .editorconfig
	EndProjectSection
EndProject
Project("{9A19103F-16F7-4668-BE54-9A1E7A4F7556}") = "altimit.generator", "generator\altimit.generator\altimit.generator.csproj", "{00458DAE-AFB9-412E-AD8E-08DF752B11AD}"
EndProject
Project("{9A19103F-16F7-4668-BE54-9A1E7A4F7556}") = "Altimit", "core\Altimit.csproj", "{BD504E54-DC21-448D-A3CE-03A565995B31}"
EndProject
Global
	GlobalSection(SolutionConfigurationPlatforms) = preSolution
		Debug|Any CPU = Debug|Any CPU
		Release|Any CPU = Release|Any CPU
	EndGlobalSection
	GlobalSection(ProjectConfigurationPlatforms) = postSolution
		{00458DAE-AFB9-412E-AD8E-08DF752B11AD}.Debug|Any CPU.ActiveCfg = Debug|Any CPU
		{00458DAE-AFB9-412E-AD8E-08DF752B11AD}.Debug|Any CPU.Build.0 = Debug|Any CPU
		{00458DAE-AFB9-412E-AD8E-08DF752B11AD}.Release|Any CPU.ActiveCfg = Release|Any CPU
		{00458DAE-AFB9-412E-AD8E-08DF752B11AD}.Release|Any CPU.Build.0 = Release|Any CPU
		{BD504E54-DC21-448D-A3CE-03A565995B31}.Debug|Any CPU.ActiveCfg = Debug|Any CPU
		{BD504E54-DC21-448D-A3CE-03A565995B31}.Debug|Any CPU.Build.0 = Debug|Any CPU
		{BD504E54-DC21-448D-A3CE-03A565995B31}.Release|Any CPU.ActiveCfg = Release|Any CPU
		{BD504E54-DC21-448D-A3CE-03A565995B31}.Release|Any CPU.Build.0 = Release|Any CPU
	EndGlobalSection
	GlobalSection(SolutionProperties) = preSolution
		HideSolutionNode = FALSE
	EndGlobalSection
	GlobalSection(ExtensibilityGlobals) = postSolution
		SolutionGuid = {13F37732-0549-4D95-B204-2BAC0E22DF6D}
	EndGlobalSection
EndGlobal
