
Microsoft Visual Studio Solution File, Format Version 12.00
# Visual Studio Version 17
VisualStudioVersion = 17.4.33205.214
MinimumVisualStudioVersion = 10.0.40219.1
Project("{2150E333-8FDC-42A3-9474-1A3956D46DE8}") = "Solution Items", "Solution Items", "{ACAFE1CA-CE6B-48B1-AD9B-D8EA7938DCF8}"
	ProjectSection(SolutionItems) = preProject
		.editorconfig = .editorconfig
	EndProjectSection
EndProject
Project("{9A19103F-16F7-4668-BE54-9A1E7A4F7556}") = "altimit", "core\altimit.csproj", "{BD504E54-DC21-448D-A3CE-03A565995B31}"
EndProject
Project("{9A19103F-16F7-4668-BE54-9A1E7A4F7556}") = "altimit.generator", "generator\altimit.generator.csproj", "{FEB69EE4-A5B3-493D-B2D1-739EB2861CBA}"
EndProject
Project("{9A19103F-16F7-4668-BE54-9A1E7A4F7556}") = "unity-webrtc", "unity-webrtc\unity-webrtc.csproj", "{641FD4B1-F8BA-45FF-AE70-1D6A01511FAF}"
EndProject
Global
	GlobalSection(SolutionConfigurationPlatforms) = preSolution
		Debug|Any CPU = Debug|Any CPU
		Release|Any CPU = Release|Any CPU
		Unity|Any CPU = Unity|Any CPU
	EndGlobalSection
	GlobalSection(ProjectConfigurationPlatforms) = postSolution
		{BD504E54-DC21-448D-A3CE-03A565995B31}.Debug|Any CPU.ActiveCfg = Debug|Any CPU
		{BD504E54-DC21-448D-A3CE-03A565995B31}.Debug|Any CPU.Build.0 = Debug|Any CPU
		{BD504E54-DC21-448D-A3CE-03A565995B31}.Release|Any CPU.ActiveCfg = Release|Any CPU
		{BD504E54-DC21-448D-A3CE-03A565995B31}.Release|Any CPU.Build.0 = Release|Any CPU
		{BD504E54-DC21-448D-A3CE-03A565995B31}.Unity|Any CPU.ActiveCfg = Unity|Any CPU
		{BD504E54-DC21-448D-A3CE-03A565995B31}.Unity|Any CPU.Build.0 = Unity|Any CPU
		{FEB69EE4-A5B3-493D-B2D1-739EB2861CBA}.Debug|Any CPU.ActiveCfg = Debug|Any CPU
		{FEB69EE4-A5B3-493D-B2D1-739EB2861CBA}.Debug|Any CPU.Build.0 = Debug|Any CPU
		{FEB69EE4-A5B3-493D-B2D1-739EB2861CBA}.Release|Any CPU.ActiveCfg = Release|Any CPU
		{FEB69EE4-A5B3-493D-B2D1-739EB2861CBA}.Release|Any CPU.Build.0 = Release|Any CPU
		{FEB69EE4-A5B3-493D-B2D1-739EB2861CBA}.Unity|Any CPU.ActiveCfg = Unity|Any CPU
		{FEB69EE4-A5B3-493D-B2D1-739EB2861CBA}.Unity|Any CPU.Build.0 = Unity|Any CPU
		{641FD4B1-F8BA-45FF-AE70-1D6A01511FAF}.Debug|Any CPU.ActiveCfg = Debug|Any CPU
		{641FD4B1-F8BA-45FF-AE70-1D6A01511FAF}.Debug|Any CPU.Build.0 = Debug|Any CPU
		{641FD4B1-F8BA-45FF-AE70-1D6A01511FAF}.Release|Any CPU.ActiveCfg = Release|Any CPU
		{641FD4B1-F8BA-45FF-AE70-1D6A01511FAF}.Release|Any CPU.Build.0 = Release|Any CPU
		{641FD4B1-F8BA-45FF-AE70-1D6A01511FAF}.Unity|Any CPU.ActiveCfg = Unity|Any CPU
		{641FD4B1-F8BA-45FF-AE70-1D6A01511FAF}.Unity|Any CPU.Build.0 = Unity|Any CPU
	EndGlobalSection
	GlobalSection(SolutionProperties) = preSolution
		HideSolutionNode = FALSE
	EndGlobalSection
	GlobalSection(ExtensibilityGlobals) = postSolution
		SolutionGuid = {13F37732-0549-4D95-B204-2BAC0E22DF6D}
	EndGlobalSection
EndGlobal
